
Microsoft Visual Studio Solution File, Format Version 12.00
# Visual Studio 15
VisualStudioVersion = 15.0.26730.12
MinimumVisualStudioVersion = 10.0.40219.1
Project("{FAE04EC0-301F-11D3-BF4B-00C04F79EFBC}") = "laboratory13", "laboratory13\laboratory13.csproj", "{BF6AB192-F88E-4B80-8BAF-7B1F9D5D81FF}"
EndProject
Global
	GlobalSection(SolutionConfigurationPlatforms) = preSolution
		Debug|Any CPU = Debug|Any CPU
		Release|Any CPU = Release|Any CPU
	EndGlobalSection
	GlobalSection(ProjectConfigurationPlatforms) = postSolution
		{BF6AB192-F88E-4B80-8BAF-7B1F9D5D81FF}.Debug|Any CPU.ActiveCfg = Debug|Any CPU
		{BF6AB192-F88E-4B80-8BAF-7B1F9D5D81FF}.Debug|Any CPU.Build.0 = Debug|Any CPU
		{BF6AB192-F88E-4B80-8BAF-7B1F9D5D81FF}.Release|Any CPU.ActiveCfg = Release|Any CPU
		{BF6AB192-F88E-4B80-8BAF-7B1F9D5D81FF}.Release|Any CPU.Build.0 = Release|Any CPU
	EndGlobalSection
	GlobalSection(SolutionProperties) = preSolution
		HideSolutionNode = FALSE
	EndGlobalSection
	GlobalSection(ExtensibilityGlobals) = postSolution
		SolutionGuid = {F4638759-E4A6-4213-98A3-65BF6EBB1725}
	EndGlobalSection
EndGlobal
